
Microsoft Visual Studio Solution File, Format Version 12.00
# Visual Studio Version 17
VisualStudioVersion = 17.5.002.0
MinimumVisualStudioVersion = 10.0.40219.1
Project("{9A19103F-16F7-4668-BE54-9A1E7A4F7556}") = "web_api_crud", "web_api_crud.csproj", "{5F4F5AD3-75B3-485E-812A-D5031EBB5913}"
EndProject
Project("{9A19103F-16F7-4668-BE54-9A1E7A4F7556}") = "api_test", "..\api_unit_test\api_test.csproj", "{ECA395EB-5247-4D39-8B00-7108A4B79A94}"
EndProject
Global
	GlobalSection(SolutionConfigurationPlatforms) = preSolution
		Debug|Any CPU = Debug|Any CPU
		Release|Any CPU = Release|Any CPU
	EndGlobalSection
	GlobalSection(ProjectConfigurationPlatforms) = postSolution
		{5F4F5AD3-75B3-485E-812A-D5031EBB5913}.Debug|Any CPU.ActiveCfg = Debug|Any CPU
		{5F4F5AD3-75B3-485E-812A-D5031EBB5913}.Debug|Any CPU.Build.0 = Debug|Any CPU
		{5F4F5AD3-75B3-485E-812A-D5031EBB5913}.Release|Any CPU.ActiveCfg = Release|Any CPU
		{5F4F5AD3-75B3-485E-812A-D5031EBB5913}.Release|Any CPU.Build.0 = Release|Any CPU
		{ECA395EB-5247-4D39-8B00-7108A4B79A94}.Debug|Any CPU.ActiveCfg = Debug|Any CPU
		{ECA395EB-5247-4D39-8B00-7108A4B79A94}.Debug|Any CPU.Build.0 = Debug|Any CPU
		{ECA395EB-5247-4D39-8B00-7108A4B79A94}.Release|Any CPU.ActiveCfg = Release|Any CPU
		{ECA395EB-5247-4D39-8B00-7108A4B79A94}.Release|Any CPU.Build.0 = Release|Any CPU
	EndGlobalSection
	GlobalSection(SolutionProperties) = preSolution
		HideSolutionNode = FALSE
	EndGlobalSection
	GlobalSection(ExtensibilityGlobals) = postSolution
		SolutionGuid = {9A0A22BE-36FA-481B-BE4F-DB288FE20695}
	EndGlobalSection
EndGlobal
